
Microsoft Visual Studio Solution File, Format Version 12.00
# Visual Studio 15
VisualStudioVersion = 15.0.26430.14
MinimumVisualStudioVersion = 10.0.40219.1
Project("{E24C65DC-7377-472B-9ABA-BC803B73C61A}") = "SMS_Portal", ".", "{6BD4C98B-A44E-4BEA-AB6A-AA81B75A926A}"
	ProjectSection(WebsiteProperties) = preProject
		TargetFrameworkMoniker = ".NETFramework,Version%3Dv4.5.2"
		Debug.AspNetCompiler.VirtualPath = "/localhost_50226"
		Debug.AspNetCompiler.PhysicalPath = "..\SMS_Portal\"
		Debug.AspNetCompiler.TargetPath = "PrecompiledWeb\localhost_50226\"
		Debug.AspNetCompiler.Updateable = "true"
		Debug.AspNetCompiler.ForceOverwrite = "true"
		Debug.AspNetCompiler.FixedNames = "false"
		Debug.AspNetCompiler.Debug = "True"
		Release.AspNetCompiler.VirtualPath = "/localhost_50226"
		Release.AspNetCompiler.PhysicalPath = "..\SMS_Portal\"
		Release.AspNetCompiler.TargetPath = "PrecompiledWeb\localhost_50226\"
		Release.AspNetCompiler.Updateable = "true"
		Release.AspNetCompiler.ForceOverwrite = "true"
		Release.AspNetCompiler.FixedNames = "false"
		Release.AspNetCompiler.Debug = "False"
		VWDPort = "50226"
		SlnRelativePath = "..\SMS_Portal\"
	EndProjectSection
EndProject
Project("{FAE04EC0-301F-11D3-BF4B-00C04F79EFBC}") = "VNPTQuangBinh.Bussiness", "..\VNPTQuangBinh.Bussiness\VNPTQuangBinh.Bussiness.csproj", "{C2660F5C-AC6B-43D1-B7A7-7F8C3BD392B2}"
EndProject
Project("{FAE04EC0-301F-11D3-BF4B-00C04F79EFBC}") = "VNPTQuangBinh.Common", "..\VNPTQuangBinh.Common\VNPTQuangBinh.Common.csproj", "{C82859F7-B8EB-4E8E-96AA-52418189D708}"
EndProject
Global
	GlobalSection(SolutionConfigurationPlatforms) = preSolution
		Debug|Any CPU = Debug|Any CPU
		Release|Any CPU = Release|Any CPU
	EndGlobalSection
	GlobalSection(ProjectConfigurationPlatforms) = postSolution
		{6BD4C98B-A44E-4BEA-AB6A-AA81B75A926A}.Debug|Any CPU.ActiveCfg = Debug|Any CPU
		{6BD4C98B-A44E-4BEA-AB6A-AA81B75A926A}.Debug|Any CPU.Build.0 = Debug|Any CPU
		{6BD4C98B-A44E-4BEA-AB6A-AA81B75A926A}.Release|Any CPU.ActiveCfg = Debug|Any CPU
		{6BD4C98B-A44E-4BEA-AB6A-AA81B75A926A}.Release|Any CPU.Build.0 = Debug|Any CPU
		{C2660F5C-AC6B-43D1-B7A7-7F8C3BD392B2}.Debug|Any CPU.ActiveCfg = Debug|Any CPU
		{C2660F5C-AC6B-43D1-B7A7-7F8C3BD392B2}.Debug|Any CPU.Build.0 = Debug|Any CPU
		{C2660F5C-AC6B-43D1-B7A7-7F8C3BD392B2}.Release|Any CPU.ActiveCfg = Release|Any CPU
		{C2660F5C-AC6B-43D1-B7A7-7F8C3BD392B2}.Release|Any CPU.Build.0 = Release|Any CPU
		{C82859F7-B8EB-4E8E-96AA-52418189D708}.Debug|Any CPU.ActiveCfg = Debug|Any CPU
		{C82859F7-B8EB-4E8E-96AA-52418189D708}.Debug|Any CPU.Build.0 = Debug|Any CPU
		{C82859F7-B8EB-4E8E-96AA-52418189D708}.Release|Any CPU.ActiveCfg = Release|Any CPU
		{C82859F7-B8EB-4E8E-96AA-52418189D708}.Release|Any CPU.Build.0 = Release|Any CPU
	EndGlobalSection
	GlobalSection(SolutionProperties) = preSolution
		HideSolutionNode = FALSE
	EndGlobalSection
EndGlobal
